
Microsoft Visual Studio Solution File, Format Version 12.00
# Visual Studio Version 17
VisualStudioVersion = 17.0.31903.59
MinimumVisualStudioVersion = 10.0.40219.1
Project("{2150E333-8FDC-42A3-9474-1A3956D46DE8}") = "src", "src", "{827E0CD3-B72D-47B6-A68D-7590B98EB39B}"
EndProject
Project("{FAE04EC0-301F-11D3-BF4B-00C04F79EFBC}") = "Bookstore.Api", "src\Bookstore.Api\Bookstore.Api.csproj", "{B297C5D4-BB99-43BC-8AED-F986DFC24A92}"
EndProject
Project("{FAE04EC0-301F-11D3-BF4B-00C04F79EFBC}") = "Bookstore.Services", "src\Bookstore.Services\Bookstore.Services.csproj", "{F95F04B3-ADE6-4850-A7A2-AF3B1F620DF2}"
EndProject
Project("{FAE04EC0-301F-11D3-BF4B-00C04F79EFBC}") = "Bookstore.DTOs", "src\Bookstore.DTOs\Bookstore.DTOs.csproj", "{BA99F20F-EA74-43B2-8EEE-84AF7BF1638B}"
EndProject
Project("{FAE04EC0-301F-11D3-BF4B-00C04F79EFBC}") = "Bookstore.UnitTests", "tests\Bookstore.UnitTests\Bookstore.UnitTests.csproj", "{234B4C4D-D8DA-4177-8380-2E1F4A9A5F4E}"
EndProject
Project("{FAE04EC0-301F-11D3-BF4B-00C04F79EFBC}") = "Bookstore.IntegrationTests", "tests\Bookstore.IntegrationTests\Bookstore.IntegrationTests.csproj", "{2F0278D9-061B-4DF2-AB70-24AFAFE916DE}"
EndProject
Global
	GlobalSection(SolutionConfigurationPlatforms) = preSolution
		Debug|Any CPU = Debug|Any CPU
		Debug|x64 = Debug|x64
		Debug|x86 = Debug|x86
		Release|Any CPU = Release|Any CPU
		Release|x64 = Release|x64
		Release|x86 = Release|x86
	EndGlobalSection
	GlobalSection(ProjectConfigurationPlatforms) = postSolution
		{B297C5D4-BB99-43BC-8AED-F986DFC24A92}.Debug|Any CPU.ActiveCfg = Debug|Any CPU
		{B297C5D4-BB99-43BC-8AED-F986DFC24A92}.Debug|Any CPU.Build.0 = Debug|Any CPU
		{B297C5D4-BB99-43BC-8AED-F986DFC24A92}.Debug|x64.ActiveCfg = Debug|Any CPU
		{B297C5D4-BB99-43BC-8AED-F986DFC24A92}.Debug|x64.Build.0 = Debug|Any CPU
		{B297C5D4-BB99-43BC-8AED-F986DFC24A92}.Debug|x86.ActiveCfg = Debug|Any CPU
		{B297C5D4-BB99-43BC-8AED-F986DFC24A92}.Debug|x86.Build.0 = Debug|Any CPU
		{B297C5D4-BB99-43BC-8AED-F986DFC24A92}.Release|Any CPU.ActiveCfg = Release|Any CPU
		{B297C5D4-BB99-43BC-8AED-F986DFC24A92}.Release|Any CPU.Build.0 = Release|Any CPU
		{B297C5D4-BB99-43BC-8AED-F986DFC24A92}.Release|x64.ActiveCfg = Release|Any CPU
		{B297C5D4-BB99-43BC-8AED-F986DFC24A92}.Release|x64.Build.0 = Release|Any CPU
		{B297C5D4-BB99-43BC-8AED-F986DFC24A92}.Release|x86.ActiveCfg = Release|Any CPU
		{B297C5D4-BB99-43BC-8AED-F986DFC24A92}.Release|x86.Build.0 = Release|Any CPU
		{F95F04B3-ADE6-4850-A7A2-AF3B1F620DF2}.Debug|Any CPU.ActiveCfg = Debug|Any CPU
		{F95F04B3-ADE6-4850-A7A2-AF3B1F620DF2}.Debug|Any CPU.Build.0 = Debug|Any CPU
		{F95F04B3-ADE6-4850-A7A2-AF3B1F620DF2}.Debug|x64.ActiveCfg = Debug|Any CPU
		{F95F04B3-ADE6-4850-A7A2-AF3B1F620DF2}.Debug|x64.Build.0 = Debug|Any CPU
		{F95F04B3-ADE6-4850-A7A2-AF3B1F620DF2}.Debug|x86.ActiveCfg = Debug|Any CPU
		{F95F04B3-ADE6-4850-A7A2-AF3B1F620DF2}.Debug|x86.Build.0 = Debug|Any CPU
		{F95F04B3-ADE6-4850-A7A2-AF3B1F620DF2}.Release|Any CPU.ActiveCfg = Release|Any CPU
		{F95F04B3-ADE6-4850-A7A2-AF3B1F620DF2}.Release|Any CPU.Build.0 = Release|Any CPU
		{F95F04B3-ADE6-4850-A7A2-AF3B1F620DF2}.Release|x64.ActiveCfg = Release|Any CPU
		{F95F04B3-ADE6-4850-A7A2-AF3B1F620DF2}.Release|x64.Build.0 = Release|Any CPU
		{F95F04B3-ADE6-4850-A7A2-AF3B1F620DF2}.Release|x86.ActiveCfg = Release|Any CPU
		{F95F04B3-ADE6-4850-A7A2-AF3B1F620DF2}.Release|x86.Build.0 = Release|Any CPU
		{BA99F20F-EA74-43B2-8EEE-84AF7BF1638B}.Debug|Any CPU.ActiveCfg = Debug|Any CPU
		{BA99F20F-EA74-43B2-8EEE-84AF7BF1638B}.Debug|Any CPU.Build.0 = Debug|Any CPU
		{BA99F20F-EA74-43B2-8EEE-84AF7BF1638B}.Debug|x64.ActiveCfg = Debug|Any CPU
		{BA99F20F-EA74-43B2-8EEE-84AF7BF1638B}.Debug|x64.Build.0 = Debug|Any CPU
		{BA99F20F-EA74-43B2-8EEE-84AF7BF1638B}.Debug|x86.ActiveCfg = Debug|Any CPU
		{BA99F20F-EA74-43B2-8EEE-84AF7BF1638B}.Debug|x86.Build.0 = Debug|Any CPU
		{BA99F20F-EA74-43B2-8EEE-84AF7BF1638B}.Release|Any CPU.ActiveCfg = Release|Any CPU
		{BA99F20F-EA74-43B2-8EEE-84AF7BF1638B}.Release|Any CPU.Build.0 = Release|Any CPU
		{BA99F20F-EA74-43B2-8EEE-84AF7BF1638B}.Release|x64.ActiveCfg = Release|Any CPU
		{BA99F20F-EA74-43B2-8EEE-84AF7BF1638B}.Release|x64.Build.0 = Release|Any CPU
		{BA99F20F-EA74-43B2-8EEE-84AF7BF1638B}.Release|x86.ActiveCfg = Release|Any CPU
		{BA99F20F-EA74-43B2-8EEE-84AF7BF1638B}.Release|x86.Build.0 = Release|Any CPU
		{234B4C4D-D8DA-4177-8380-2E1F4A9A5F4E}.Debug|Any CPU.ActiveCfg = Debug|Any CPU
		{234B4C4D-D8DA-4177-8380-2E1F4A9A5F4E}.Debug|Any CPU.Build.0 = Debug|Any CPU
		{234B4C4D-D8DA-4177-8380-2E1F4A9A5F4E}.Debug|x64.ActiveCfg = Debug|Any CPU
		{234B4C4D-D8DA-4177-8380-2E1F4A9A5F4E}.Debug|x64.Build.0 = Debug|Any CPU
		{234B4C4D-D8DA-4177-8380-2E1F4A9A5F4E}.Debug|x86.ActiveCfg = Debug|Any CPU
		{234B4C4D-D8DA-4177-8380-2E1F4A9A5F4E}.Debug|x86.Build.0 = Debug|Any CPU
		{234B4C4D-D8DA-4177-8380-2E1F4A9A5F4E}.Release|Any CPU.ActiveCfg = Release|Any CPU
		{234B4C4D-D8DA-4177-8380-2E1F4A9A5F4E}.Release|Any CPU.Build.0 = Release|Any CPU
		{234B4C4D-D8DA-4177-8380-2E1F4A9A5F4E}.Release|x64.ActiveCfg = Release|Any CPU
		{234B4C4D-D8DA-4177-8380-2E1F4A9A5F4E}.Release|x64.Build.0 = Release|Any CPU
		{234B4C4D-D8DA-4177-8380-2E1F4A9A5F4E}.Release|x86.ActiveCfg = Release|Any CPU
		{234B4C4D-D8DA-4177-8380-2E1F4A9A5F4E}.Release|x86.Build.0 = Release|Any CPU
		{2F0278D9-061B-4DF2-AB70-24AFAFE916DE}.Debug|Any CPU.ActiveCfg = Debug|Any CPU
		{2F0278D9-061B-4DF2-AB70-24AFAFE916DE}.Debug|Any CPU.Build.0 = Debug|Any CPU
		{2F0278D9-061B-4DF2-AB70-24AFAFE916DE}.Debug|x64.ActiveCfg = Debug|Any CPU
		{2F0278D9-061B-4DF2-AB70-24AFAFE916DE}.Debug|x64.Build.0 = Debug|Any CPU
		{2F0278D9-061B-4DF2-AB70-24AFAFE916DE}.Debug|x86.ActiveCfg = Debug|Any CPU
		{2F0278D9-061B-4DF2-AB70-24AFAFE916DE}.Debug|x86.Build.0 = Debug|Any CPU
		{2F0278D9-061B-4DF2-AB70-24AFAFE916DE}.Release|Any CPU.ActiveCfg = Release|Any CPU
		{2F0278D9-061B-4DF2-AB70-24AFAFE916DE}.Release|Any CPU.Build.0 = Release|Any CPU
		{2F0278D9-061B-4DF2-AB70-24AFAFE916DE}.Release|x64.ActiveCfg = Release|Any CPU
		{2F0278D9-061B-4DF2-AB70-24AFAFE916DE}.Release|x64.Build.0 = Release|Any CPU
		{2F0278D9-061B-4DF2-AB70-24AFAFE916DE}.Release|x86.ActiveCfg = Release|Any CPU
		{2F0278D9-061B-4DF2-AB70-24AFAFE916DE}.Release|x86.Build.0 = Release|Any CPU
	EndGlobalSection
	GlobalSection(SolutionProperties) = preSolution
		HideSolutionNode = FALSE
	EndGlobalSection
	GlobalSection(NestedProjects) = preSolution
		{B297C5D4-BB99-43BC-8AED-F986DFC24A92} = {827E0CD3-B72D-47B6-A68D-7590B98EB39B}
		{F95F04B3-ADE6-4850-A7A2-AF3B1F620DF2} = {827E0CD3-B72D-47B6-A68D-7590B98EB39B}
		{BA99F20F-EA74-43B2-8EEE-84AF7BF1638B} = {827E0CD3-B72D-47B6-A68D-7590B98EB39B}
		{234B4C4D-D8DA-4177-8380-2E1F4A9A5F4E} = {827E0CD3-B72D-47B6-A68D-7590B98EB39B}
		{2F0278D9-061B-4DF2-AB70-24AFAFE916DE} = {827E0CD3-B72D-47B6-A68D-7590B98EB39B}
	EndGlobalSection
EndGlobal
